
Microsoft Visual Studio Solution File, Format Version 12.00
# Visual Studio Version 17
VisualStudioVersion = 17.11.35222.181
MinimumVisualStudioVersion = 10.0.40219.1
Project("{FAE04EC0-301F-11D3-BF4B-00C04F79EFBC}") = "csharp-tests", "csharp-tests.csproj", "{C33102D4-1417-4CF3-93E1-7BD04E70B2DE}"
EndProject
Global
	GlobalSection(SolutionConfigurationPlatforms) = preSolution
		Debug|Any CPU = Debug|Any CPU
		Release|Any CPU = Release|Any CPU
	EndGlobalSection
	GlobalSection(ProjectConfigurationPlatforms) = postSolution
		{C33102D4-1417-4CF3-93E1-7BD04E70B2DE}.Debug|Any CPU.ActiveCfg = Debug|Any CPU
		{C33102D4-1417-4CF3-93E1-7BD04E70B2DE}.Debug|Any CPU.Build.0 = Debug|Any CPU
		{C33102D4-1417-4CF3-93E1-7BD04E70B2DE}.Release|Any CPU.ActiveCfg = Release|Any CPU
		{C33102D4-1417-4CF3-93E1-7BD04E70B2DE}.Release|Any CPU.Build.0 = Release|Any CPU
	EndGlobalSection
	GlobalSection(SolutionProperties) = preSolution
		HideSolutionNode = FALSE
	EndGlobalSection
	GlobalSection(ExtensibilityGlobals) = postSolution
		SolutionGuid = {F6E03B86-91CE-49EE-8C18-2E9E86350DE2}
	EndGlobalSection
EndGlobal
